# This file is automatically @generated by Cargo.
# It is not intended for manual editing.
version = 4

[[package]]
name = "aiux-approvals"
version = "0.1.0"

[[package]]
name = "aiux-artifacts"
version = "0.1.0"

[[package]]
name = "aiux-persistence"
version = "0.1.0"

[[package]]
name = "aiux-protocol"
version = "0.1.0"

[[package]]
name = "aiux-reducer"
version = "0.1.0"

[[package]]
name = "aiux-session"
version = "0.1.0"

[[package]]
name = "aiux-surfaces"
version = "0.1.0"

[[package]]
name = "aiux-tests"
version = "0.1.0"

[[package]]
name = "aiux-tools"
version = "0.1.0"

[[package]]
name = "aiux-wasm"
version = "0.1.0"
